// !$*UTF8*$!
{
	archiveVersion = 1;
	classes = {
	};
	objectVersion = 50;
	objects = {

/* Begin PBXBuildFile section */
		12A7275A231ABDBA0048F254 /* DetailViewController.swift in Sources */ = {isa = PBXBuildFile; fileRef = 12A72759231ABDBA0048F254 /* DetailViewController.swift */; };
		12AAFD98230D84F70014109F /* AppDelegate.swift in Sources */ = {isa = PBXBuildFile; fileRef = 12AAFD97230D84F70014109F /* AppDelegate.swift */; };
		12AAFD9A230D84F70014109F /* DTFTableViewController.swift in Sources */ = {isa = PBXBuildFile; fileRef = 12AAFD99230D84F70014109F /* DTFTableViewController.swift */; };
		12AAFD9D230D84F70014109F /* Main.storyboard in Resources */ = {isa = PBXBuildFile; fileRef = 12AAFD9B230D84F70014109F /* Main.storyboard */; };
		12AAFD9F230D84F80014109F /* Assets.xcassets in Resources */ = {isa = PBXBuildFile; fileRef = 12AAFD9E230D84F80014109F /* Assets.xcassets */; };
		12AAFDA2230D84F80014109F /* LaunchScreen.storyboard in Resources */ = {isa = PBXBuildFile; fileRef = 12AAFDA0230D84F80014109F /* LaunchScreen.storyboard */; };
		12AAFDAB230D862B0014109F /* TJTableViewController.swift in Sources */ = {isa = PBXBuildFile; fileRef = 12AAFDAA230D862B0014109F /* TJTableViewController.swift */; };
		12AAFDAD230D868D0014109F /* TableViewModel.swift in Sources */ = {isa = PBXBuildFile; fileRef = 12AAFDAC230D868D0014109F /* TableViewModel.swift */; };
		12AAFDBE230D8E930014109F /* TableViewViewModelType.swift in Sources */ = {isa = PBXBuildFile; fileRef = 12AAFDBD230D8E930014109F /* TableViewViewModelType.swift */; };
		12AAFDC0230D8F1A0014109F /* TableViewCellViewModelType.swift in Sources */ = {isa = PBXBuildFile; fileRef = 12AAFDBF230D8F1A0014109F /* TableViewCellViewModelType.swift */; };
		12AAFDC2230D8F370014109F /* DetailViewModelType.swift in Sources */ = {isa = PBXBuildFile; fileRef = 12AAFDC1230D8F370014109F /* DetailViewModelType.swift */; };
		12AAFDC4230D90210014109F /* TableViewCellViewModel.swift in Sources */ = {isa = PBXBuildFile; fileRef = 12AAFDC3230D90210014109F /* TableViewCellViewModel.swift */; };
		12AAFDC6230D90880014109F /* DetailViewModel.swift in Sources */ = {isa = PBXBuildFile; fileRef = 12AAFDC5230D90880014109F /* DetailViewModel.swift */; };
		12AAFDC8230D9D610014109F /* AsyncOperation.swift in Sources */ = {isa = PBXBuildFile; fileRef = 12AAFDC7230D9D610014109F /* AsyncOperation.swift */; };
		12AAFDCB230D9E720014109F /* NetworkManager.swift in Sources */ = {isa = PBXBuildFile; fileRef = 12AAFDCA230D9E720014109F /* NetworkManager.swift */; };
		12AAFDCD230DA1630014109F /* APIResponse.swift in Sources */ = {isa = PBXBuildFile; fileRef = 12AAFDCC230DA1630014109F /* APIResponse.swift */; };
		12AAFDD4230DDB0C0014109F /* MyTableViewCell.swift in Sources */ = {isa = PBXBuildFile; fileRef = 12AAFDD2230DDB0C0014109F /* MyTableViewCell.swift */; };
		12AAFDD5230DDB0C0014109F /* MyTableViewCell.xib in Resources */ = {isa = PBXBuildFile; fileRef = 12AAFDD3230DDB0C0014109F /* MyTableViewCell.xib */; };
		12DCABF8230F0AF100FA4508 /* Box.swift in Sources */ = {isa = PBXBuildFile; fileRef = 12DCABF7230F0AF100FA4508 /* Box.swift */; };
		12DCABFA230F0DB600FA4508 /* Constants.swift in Sources */ = {isa = PBXBuildFile; fileRef = 12DCABF9230F0DB600FA4508 /* Constants.swift */; };
/* End PBXBuildFile section */

/* Begin PBXFileReference section */
		12A72759231ABDBA0048F254 /* DetailViewController.swift */ = {isa = PBXFileReference; lastKnownFileType = sourcecode.swift; path = DetailViewController.swift; sourceTree = "<group>"; };
		12AAFD94230D84F70014109F /* News.app */ = {isa = PBXFileReference; explicitFileType = wrapper.application; includeInIndex = 0; path = News.app; sourceTree = BUILT_PRODUCTS_DIR; };
		12AAFD97230D84F70014109F /* AppDelegate.swift */ = {isa = PBXFileReference; lastKnownFileType = sourcecode.swift; path = AppDelegate.swift; sourceTree = "<group>"; };
		12AAFD99230D84F70014109F /* DTFTableViewController.swift */ = {isa = PBXFileReference; lastKnownFileType = sourcecode.swift; path = DTFTableViewController.swift; sourceTree = "<group>"; };
		12AAFD9C230D84F70014109F /* Base */ = {isa = PBXFileReference; lastKnownFileType = file.storyboard; name = Base; path = Base.lproj/Main.storyboard; sourceTree = "<group>"; };
		12AAFD9E230D84F80014109F /* Assets.xcassets */ = {isa = PBXFileReference; lastKnownFileType = folder.assetcatalog; path = Assets.xcassets; sourceTree = "<group>"; };
		12AAFDA1230D84F80014109F /* Base */ = {isa = PBXFileReference; lastKnownFileType = file.storyboard; name = Base; path = Base.lproj/LaunchScreen.storyboard; sourceTree = "<group>"; };
		12AAFDA3230D84F80014109F /* Info.plist */ = {isa = PBXFileReference; lastKnownFileType = text.plist.xml; path = Info.plist; sourceTree = "<group>"; };
		12AAFDAA230D862B0014109F /* TJTableViewController.swift */ = {isa = PBXFileReference; lastKnownFileType = sourcecode.swift; path = TJTableViewController.swift; sourceTree = "<group>"; };
		12AAFDAC230D868D0014109F /* TableViewModel.swift */ = {isa = PBXFileReference; lastKnownFileType = sourcecode.swift; path = TableViewModel.swift; sourceTree = "<group>"; };
		12AAFDBD230D8E930014109F /* TableViewViewModelType.swift */ = {isa = PBXFileReference; lastKnownFileType = sourcecode.swift; path = TableViewViewModelType.swift; sourceTree = "<group>"; };
		12AAFDBF230D8F1A0014109F /* TableViewCellViewModelType.swift */ = {isa = PBXFileReference; lastKnownFileType = sourcecode.swift; path = TableViewCellViewModelType.swift; sourceTree = "<group>"; };
		12AAFDC1230D8F370014109F /* DetailViewModelType.swift */ = {isa = PBXFileReference; lastKnownFileType = sourcecode.swift; path = DetailViewModelType.swift; sourceTree = "<group>"; };
		12AAFDC3230D90210014109F /* TableViewCellViewModel.swift */ = {isa = PBXFileReference; lastKnownFileType = sourcecode.swift; path = TableViewCellViewModel.swift; sourceTree = "<group>"; };
		12AAFDC5230D90880014109F /* DetailViewModel.swift */ = {isa = PBXFileReference; lastKnownFileType = sourcecode.swift; path = DetailViewModel.swift; sourceTree = "<group>"; };
		12AAFDC7230D9D610014109F /* AsyncOperation.swift */ = {isa = PBXFileReference; lastKnownFileType = sourcecode.swift; path = AsyncOperation.swift; sourceTree = "<group>"; };
		12AAFDCA230D9E720014109F /* NetworkManager.swift */ = {isa = PBXFileReference; lastKnownFileType = sourcecode.swift; path = NetworkManager.swift; sourceTree = "<group>"; };
		12AAFDCC230DA1630014109F /* APIResponse.swift */ = {isa = PBXFileReference; lastKnownFileType = sourcecode.swift; path = APIResponse.swift; sourceTree = "<group>"; };
		12AAFDD2230DDB0C0014109F /* MyTableViewCell.swift */ = {isa = PBXFileReference; lastKnownFileType = sourcecode.swift; path = MyTableViewCell.swift; sourceTree = "<group>"; };
		12AAFDD3230DDB0C0014109F /* MyTableViewCell.xib */ = {isa = PBXFileReference; lastKnownFileType = file.xib; path = MyTableViewCell.xib; sourceTree = "<group>"; };
		12DCABF7230F0AF100FA4508 /* Box.swift */ = {isa = PBXFileReference; lastKnownFileType = sourcecode.swift; path = Box.swift; sourceTree = "<group>"; };
		12DCABF9230F0DB600FA4508 /* Constants.swift */ = {isa = PBXFileReference; lastKnownFileType = sourcecode.swift; path = Constants.swift; sourceTree = "<group>"; };
/* End PBXFileReference section */

/* Begin PBXFrameworksBuildPhase section */
		12AAFD91230D84F70014109F /* Frameworks */ = {
			isa = PBXFrameworksBuildPhase;
			buildActionMask = 2147483647;
			files = (
			);
			runOnlyForDeploymentPostprocessing = 0;
		};
/* End PBXFrameworksBuildPhase section */

/* Begin PBXGroup section */
		12AAFD8B230D84F70014109F = {
			isa = PBXGroup;
			children = (
				12AAFD96230D84F70014109F /* News */,
				12AAFD95230D84F70014109F /* Products */,
			);
			sourceTree = "<group>";
		};
		12AAFD95230D84F70014109F /* Products */ = {
			isa = PBXGroup;
			children = (
				12AAFD94230D84F70014109F /* News.app */,
			);
			name = Products;
			sourceTree = "<group>";
		};
		12AAFD96230D84F70014109F /* News */ = {
			isa = PBXGroup;
			children = (
				12AAFDB6230D87120014109F /* Models */,
				12AAFDB4230D86C80014109F /* Protocols */,
				12AAFDB5230D86D10014109F /* ViewModels */,
				12AAFDA9230D86070014109F /* Views */,
				12AAFD9B230D84F70014109F /* Main.storyboard */,
				12AAFD97230D84F70014109F /* AppDelegate.swift */,
				12AAFD9E230D84F80014109F /* Assets.xcassets */,
				12AAFDA0230D84F80014109F /* LaunchScreen.storyboard */,
				12AAFDA3230D84F80014109F /* Info.plist */,
				12AAFDC9230D9D650014109F /* Operations */,
				12DCABF7230F0AF100FA4508 /* Box.swift */,
				12DCABF9230F0DB600FA4508 /* Constants.swift */,
			);
			path = News;
			sourceTree = "<group>";
		};
		12AAFDA9230D86070014109F /* Views */ = {
			isa = PBXGroup;
			children = (
				12AAFD99230D84F70014109F /* DTFTableViewController.swift */,
				12AAFDAA230D862B0014109F /* TJTableViewController.swift */,
				12AAFDD2230DDB0C0014109F /* MyTableViewCell.swift */,
				12AAFDD3230DDB0C0014109F /* MyTableViewCell.xib */,
				12A72759231ABDBA0048F254 /* DetailViewController.swift */,
			);
			path = Views;
			sourceTree = "<group>";
		};
		12AAFDB4230D86C80014109F /* Protocols */ = {
			isa = PBXGroup;
			children = (
				12AAFDBD230D8E930014109F /* TableViewViewModelType.swift */,
				12AAFDBF230D8F1A0014109F /* TableViewCellViewModelType.swift */,
				12AAFDC1230D8F370014109F /* DetailViewModelType.swift */,
			);
			path = Protocols;
			sourceTree = "<group>";
		};
		12AAFDB5230D86D10014109F /* ViewModels */ = {
			isa = PBXGroup;
			children = (
				12AAFDAC230D868D0014109F /* TableViewModel.swift */,
				12AAFDC3230D90210014109F /* TableViewCellViewModel.swift */,
				12AAFDC5230D90880014109F /* DetailViewModel.swift */,
			);
			path = ViewModels;
			sourceTree = "<group>";
		};
		12AAFDB6230D87120014109F /* Models */ = {
			isa = PBXGroup;
			children = (
				12AAFDCC230DA1630014109F /* APIResponse.swift */,
			);
			path = Models;
			sourceTree = "<group>";
		};
		12AAFDC9230D9D650014109F /* Operations */ = {
			isa = PBXGroup;
			children = (
				12AAFDC7230D9D610014109F /* AsyncOperation.swift */,
				12AAFDCA230D9E720014109F /* NetworkManager.swift */,
			);
			path = Operations;
			sourceTree = "<group>";
		};
/* End PBXGroup section */

/* Begin PBXNativeTarget section */
		12AAFD93230D84F70014109F /* News */ = {
			isa = PBXNativeTarget;
			buildConfigurationList = 12AAFDA6230D84F80014109F /* Build configuration list for PBXNativeTarget "News" */;
			buildPhases = (
				12AAFD90230D84F70014109F /* Sources */,
				12AAFD91230D84F70014109F /* Frameworks */,
				12AAFD92230D84F70014109F /* Resources */,
			);
			buildRules = (
			);
			dependencies = (
			);
			name = News;
			productName = News;
			productReference = 12AAFD94230D84F70014109F /* News.app */;
			productType = "com.apple.product-type.application";
		};
/* End PBXNativeTarget section */

/* Begin PBXProject section */
		12AAFD8C230D84F70014109F /* Project object */ = {
			isa = PBXProject;
			attributes = {
				LastSwiftUpdateCheck = 1030;
				LastUpgradeCheck = 1030;
				ORGANIZATIONNAME = Tianid;
				TargetAttributes = {
					12AAFD93230D84F70014109F = {
						CreatedOnToolsVersion = 10.3;
					};
				};
			};
			buildConfigurationList = 12AAFD8F230D84F70014109F /* Build configuration list for PBXProject "News" */;
			compatibilityVersion = "Xcode 9.3";
			developmentRegion = en;
			hasScannedForEncodings = 0;
			knownRegions = (
				en,
				Base,
			);
			mainGroup = 12AAFD8B230D84F70014109F;
			productRefGroup = 12AAFD95230D84F70014109F /* Products */;
			projectDirPath = "";
			projectRoot = "";
			targets = (
				12AAFD93230D84F70014109F /* News */,
			);
		};
/* End PBXProject section */

/* Begin PBXResourcesBuildPhase section */
		12AAFD92230D84F70014109F /* Resources */ = {
			isa = PBXResourcesBuildPhase;
			buildActionMask = 2147483647;
			files = (
				12AAFDD5230DDB0C0014109F /* MyTableViewCell.xib in Resources */,
				12AAFDA2230D84F80014109F /* LaunchScreen.storyboard in Resources */,
				12AAFD9F230D84F80014109F /* Assets.xcassets in Resources */,
				12AAFD9D230D84F70014109F /* Main.storyboard in Resources */,
			);
			runOnlyForDeploymentPostprocessing = 0;
		};
/* End PBXResourcesBuildPhase section */

/* Begin PBXSourcesBuildPhase section */
		12AAFD90230D84F70014109F /* Sources */ = {
			isa = PBXSourcesBuildPhase;
			buildActionMask = 2147483647;
			files = (
				12AAFDCB230D9E720014109F /* NetworkManager.swift in Sources */,
				12DCABF8230F0AF100FA4508 /* Box.swift in Sources */,
				12AAFDBE230D8E930014109F /* TableViewViewModelType.swift in Sources */,
				12AAFDC8230D9D610014109F /* AsyncOperation.swift in Sources */,
				12AAFD9A230D84F70014109F /* DTFTableViewController.swift in Sources */,
				12DCABFA230F0DB600FA4508 /* Constants.swift in Sources */,
				12AAFD98230D84F70014109F /* AppDelegate.swift in Sources */,
				12A7275A231ABDBA0048F254 /* DetailViewController.swift in Sources */,
				12AAFDC4230D90210014109F /* TableViewCellViewModel.swift in Sources */,
				12AAFDD4230DDB0C0014109F /* MyTableViewCell.swift in Sources */,
				12AAFDCD230DA1630014109F /* APIResponse.swift in Sources */,
				12AAFDC2230D8F370014109F /* DetailViewModelType.swift in Sources */,
				12AAFDAB230D862B0014109F /* TJTableViewController.swift in Sources */,
				12AAFDC6230D90880014109F /* DetailViewModel.swift in Sources */,
				12AAFDC0230D8F1A0014109F /* TableViewCellViewModelType.swift in Sources */,
				12AAFDAD230D868D0014109F /* TableViewModel.swift in Sources */,
			);
			runOnlyForDeploymentPostprocessing = 0;
		};
/* End PBXSourcesBuildPhase section */

/* Begin PBXVariantGroup section */
		12AAFD9B230D84F70014109F /* Main.storyboard */ = {
			isa = PBXVariantGroup;
			children = (
				12AAFD9C230D84F70014109F /* Base */,
			);
			name = Main.storyboard;
			sourceTree = "<group>";
		};
		12AAFDA0230D84F80014109F /* LaunchScreen.storyboard */ = {
			isa = PBXVariantGroup;
			children = (
				12AAFDA1230D84F80014109F /* Base */,
			);
			name = LaunchScreen.storyboard;
			sourceTree = "<group>";
		};
/* End PBXVariantGroup section */

/* Begin XCBuildConfiguration section */
		12AAFDA4230D84F80014109F /* Debug */ = {
			isa = XCBuildConfiguration;
			buildSettings = {
				ALWAYS_SEARCH_USER_PATHS = NO;
				CLANG_ANALYZER_NONNULL = YES;
				CLANG_ANALYZER_NUMBER_OBJECT_CONVERSION = YES_AGGRESSIVE;
				CLANG_CXX_LANGUAGE_STANDARD = "gnu++14";
				CLANG_CXX_LIBRARY = "libc++";
				CLANG_ENABLE_MODULES = YES;
				CLANG_ENABLE_OBJC_ARC = YES;
				CLANG_ENABLE_OBJC_WEAK = YES;
				CLANG_WARN_BLOCK_CAPTURE_AUTORELEASING = YES;
				CLANG_WARN_BOOL_CONVERSION = YES;
				CLANG_WARN_COMMA = YES;
				CLANG_WARN_CONSTANT_CONVERSION = YES;
				CLANG_WARN_DEPRECATED_OBJC_IMPLEMENTATIONS = YES;
				CLANG_WARN_DIRECT_OBJC_ISA_USAGE = YES_ERROR;
				CLANG_WARN_DOCUMENTATION_COMMENTS = YES;
				CLANG_WARN_EMPTY_BODY = YES;
				CLANG_WARN_ENUM_CONVERSION = YES;
				CLANG_WARN_INFINITE_RECURSION = YES;
				CLANG_WARN_INT_CONVERSION = YES;
				CLANG_WARN_NON_LITERAL_NULL_CONVERSION = YES;
				CLANG_WARN_OBJC_IMPLICIT_RETAIN_SELF = YES;
				CLANG_WARN_OBJC_LITERAL_CONVERSION = YES;
				CLANG_WARN_OBJC_ROOT_CLASS = YES_ERROR;
				CLANG_WARN_RANGE_LOOP_ANALYSIS = YES;
				CLANG_WARN_STRICT_PROTOTYPES = YES;
				CLANG_WARN_SUSPICIOUS_MOVE = YES;
				CLANG_WARN_UNGUARDED_AVAILABILITY = YES_AGGRESSIVE;
				CLANG_WARN_UNREACHABLE_CODE = YES;
				CLANG_WARN__DUPLICATE_METHOD_MATCH = YES;
				CODE_SIGN_IDENTITY = "iPhone Developer";
				COPY_PHASE_STRIP = NO;
				DEBUG_INFORMATION_FORMAT = dwarf;
				ENABLE_STRICT_OBJC_MSGSEND = YES;
				ENABLE_TESTABILITY = YES;
				GCC_C_LANGUAGE_STANDARD = gnu11;
				GCC_DYNAMIC_NO_PIC = NO;
				GCC_NO_COMMON_BLOCKS = YES;
				GCC_OPTIMIZATION_LEVEL = 0;
				GCC_PREPROCESSOR_DEFINITIONS = (
					"DEBUG=1",
					"$(inherited)",
				);
				GCC_WARN_64_TO_32_BIT_CONVERSION = YES;
				GCC_WARN_ABOUT_RETURN_TYPE = YES_ERROR;
				GCC_WARN_UNDECLARED_SELECTOR = YES;
				GCC_WARN_UNINITIALIZED_AUTOS = YES_AGGRESSIVE;
				GCC_WARN_UNUSED_FUNCTION = YES;
				GCC_WARN_UNUSED_VARIABLE = YES;
				IPHONEOS_DEPLOYMENT_TARGET = 12.4;
				MTL_ENABLE_DEBUG_INFO = INCLUDE_SOURCE;
				MTL_FAST_MATH = YES;
				ONLY_ACTIVE_ARCH = YES;
				SDKROOT = iphoneos;
				SWIFT_ACTIVE_COMPILATION_CONDITIONS = DEBUG;
				SWIFT_OPTIMIZATION_LEVEL = "-Onone";
			};
			name = Debug;
		};
		12AAFDA5230D84F80014109F /* Release */ = {
			isa = XCBuildConfiguration;
			buildSettings = {
				ALWAYS_SEARCH_USER_PATHS = NO;
				CLANG_ANALYZER_NONNULL = YES;
				CLANG_ANALYZER_NUMBER_OBJECT_CONVERSION = YES_AGGRESSIVE;
				CLANG_CXX_LANGUAGE_STANDARD = "gnu++14";
				CLANG_CXX_LIBRARY = "libc++";
				CLANG_ENABLE_MODULES = YES;
				CLANG_ENABLE_OBJC_ARC = YES;
				CLANG_ENABLE_OBJC_WEAK = YES;
				CLANG_WARN_BLOCK_CAPTURE_AUTORELEASING = YES;
				CLANG_WARN_BOOL_CONVERSION = YES;
				CLANG_WARN_COMMA = YES;
				CLANG_WARN_CONSTANT_CONVERSION = YES;
				CLANG_WARN_DEPRECATED_OBJC_IMPLEMENTATIONS = YES;
				CLANG_WARN_DIRECT_OBJC_ISA_USAGE = YES_ERROR;
				CLANG_WARN_DOCUMENTATION_COMMENTS = YES;
				CLANG_WARN_EMPTY_BODY = YES;
				CLANG_WARN_ENUM_CONVERSION = YES;
				CLANG_WARN_INFINITE_RECURSION = YES;
				CLANG_WARN_INT_CONVERSION = YES;
				CLANG_WARN_NON_LITERAL_NULL_CONVERSION = YES;
				CLANG_WARN_OBJC_IMPLICIT_RETAIN_SELF = YES;
				CLANG_WARN_OBJC_LITERAL_CONVERSION = YES;
				CLANG_WARN_OBJC_ROOT_CLASS = YES_ERROR;
				CLANG_WARN_RANGE_LOOP_ANALYSIS = YES;
				CLANG_WARN_STRICT_PROTOTYPES = YES;
				CLANG_WARN_SUSPICIOUS_MOVE = YES;
				CLANG_WARN_UNGUARDED_AVAILABILITY = YES_AGGRESSIVE;
				CLANG_WARN_UNREACHABLE_CODE = YES;
				CLANG_WARN__DUPLICATE_METHOD_MATCH = YES;
				CODE_SIGN_IDENTITY = "iPhone Developer";
				COPY_PHASE_STRIP = NO;
				DEBUG_INFORMATION_FORMAT = "dwarf-with-dsym";
				ENABLE_NS_ASSERTIONS = NO;
				ENABLE_STRICT_OBJC_MSGSEND = YES;
				GCC_C_LANGUAGE_STANDARD = gnu11;
				GCC_NO_COMMON_BLOCKS = YES;
				GCC_WARN_64_TO_32_BIT_CONVERSION = YES;
				GCC_WARN_ABOUT_RETURN_TYPE = YES_ERROR;
				GCC_WARN_UNDECLARED_SELECTOR = YES;
				GCC_WARN_UNINITIALIZED_AUTOS = YES_AGGRESSIVE;
				GCC_WARN_UNUSED_FUNCTION = YES;
				GCC_WARN_UNUSED_VARIABLE = YES;
				IPHONEOS_DEPLOYMENT_TARGET = 12.4;
				MTL_ENABLE_DEBUG_INFO = NO;
				MTL_FAST_MATH = YES;
				SDKROOT = iphoneos;
				SWIFT_COMPILATION_MODE = wholemodule;
				SWIFT_OPTIMIZATION_LEVEL = "-O";
				VALIDATE_PRODUCT = YES;
			};
			name = Release;
		};
		12AAFDA7230D84F80014109F /* Debug */ = {
			isa = XCBuildConfiguration;
			buildSettings = {
				ASSETCATALOG_COMPILER_APPICON_NAME = AppIcon;
				CODE_SIGN_STYLE = Automatic;
				DEVELOPMENT_TEAM = GY259TWT8G;
				INFOPLIST_FILE = News/Info.plist;
				LD_RUNPATH_SEARCH_PATHS = (
					"$(inherited)",
					"@executable_path/Frameworks",
				);
				PRODUCT_BUNDLE_IDENTIFIER = Tianid.News;
				PRODUCT_NAME = "$(TARGET_NAME)";
				SWIFT_VERSION = 5.0;
				TARGETED_DEVICE_FAMILY = "1,2";
			};
			name = Debug;
		};
		12AAFDA8230D84F80014109F /* Release */ = {
			isa = XCBuildConfiguration;
			buildSettings = {
				ASSETCATALOG_COMPILER_APPICON_NAME = AppIcon;
				CODE_SIGN_STYLE = Automatic;
				DEVELOPMENT_TEAM = GY259TWT8G;
				INFOPLIST_FILE = News/Info.plist;
				LD_RUNPATH_SEARCH_PATHS = (
					"$(inherited)",
					"@executable_path/Frameworks",
				);
				PRODUCT_BUNDLE_IDENTIFIER = Tianid.News;
				PRODUCT_NAME = "$(TARGET_NAME)";
				SWIFT_VERSION = 5.0;
				TARGETED_DEVICE_FAMILY = "1,2";
			};
			name = Release;
		};
/* End XCBuildConfiguration section */

/* Begin XCConfigurationList section */
		12AAFD8F230D84F70014109F /* Build configuration list for PBXProject "News" */ = {
			isa = XCConfigurationList;
			buildConfigurations = (
				12AAFDA4230D84F80014109F /* Debug */,
				12AAFDA5230D84F80014109F /* Release */,
			);
			defaultConfigurationIsVisible = 0;
			defaultConfigurationName = Release;
		};
		12AAFDA6230D84F80014109F /* Build configuration list for PBXNativeTarget "News" */ = {
			isa = XCConfigurationList;
			buildConfigurations = (
				12AAFDA7230D84F80014109F /* Debug */,
				12AAFDA8230D84F80014109F /* Release */,
			);
			defaultConfigurationIsVisible = 0;
			defaultConfigurationName = Release;
		};
/* End XCConfigurationList section */
	};
	rootObject = 12AAFD8C230D84F70014109F /* Project object */;
}
